
Microsoft Visual Studio Solution File, Format Version 12.00
# Visual Studio 2012
Project("{FAE04EC0-301F-11D3-BF4B-00C04F79EFBC}") = "MvcApplication1", "MvcApplication1\MvcApplication1.csproj", "{7B3291B0-D75F-4605-80CC-DE3153F761CB}"
EndProject
Global
	GlobalSection(SolutionConfigurationPlatforms) = preSolution
		Debug|Any CPU = Debug|Any CPU
		Release|Any CPU = Release|Any CPU
	EndGlobalSection
	GlobalSection(ProjectConfigurationPlatforms) = postSolution
		{7B3291B0-D75F-4605-80CC-DE3153F761CB}.Debug|Any CPU.ActiveCfg = Debug|Any CPU
		{7B3291B0-D75F-4605-80CC-DE3153F761CB}.Debug|Any CPU.Build.0 = Debug|Any CPU
		{7B3291B0-D75F-4605-80CC-DE3153F761CB}.Release|Any CPU.ActiveCfg = Release|Any CPU
		{7B3291B0-D75F-4605-80CC-DE3153F761CB}.Release|Any CPU.Build.0 = Release|Any CPU
	EndGlobalSection
	GlobalSection(SolutionProperties) = preSolution
		HideSolutionNode = FALSE
	EndGlobalSection
EndGlobal
